
Microsoft Visual Studio Solution File, Format Version 12.00
# Visual Studio Version 16
VisualStudioVersion = 16.0.29503.13
MinimumVisualStudioVersion = 10.0.40219.1
Project("{FAE04EC0-301F-11D3-BF4B-00C04F79EFBC}") = "RotateArray", "RotateArray.csproj", "{40C3A27A-D886-4451-8E37-710130422941}"
EndProject
Global
	GlobalSection(SolutionConfigurationPlatforms) = preSolution
		Debug|Any CPU = Debug|Any CPU
		Release|Any CPU = Release|Any CPU
	EndGlobalSection
	GlobalSection(ProjectConfigurationPlatforms) = postSolution
		{40C3A27A-D886-4451-8E37-710130422941}.Debug|Any CPU.ActiveCfg = Debug|Any CPU
		{40C3A27A-D886-4451-8E37-710130422941}.Debug|Any CPU.Build.0 = Debug|Any CPU
		{40C3A27A-D886-4451-8E37-710130422941}.Release|Any CPU.ActiveCfg = Release|Any CPU
		{40C3A27A-D886-4451-8E37-710130422941}.Release|Any CPU.Build.0 = Release|Any CPU
	EndGlobalSection
	GlobalSection(SolutionProperties) = preSolution
		HideSolutionNode = FALSE
	EndGlobalSection
	GlobalSection(ExtensibilityGlobals) = postSolution
		SolutionGuid = {C50ECBDB-2CCA-491B-8555-16A62A90A4EB}
	EndGlobalSection
EndGlobal
